
Microsoft Visual Studio Solution File, Format Version 12.00
# Visual Studio 2015
Project("{FAE04EC0-301F-11D3-BF4B-00C04F79EFBC}") = "Chicken Dinner", "Chicken Dinner.csproj", "{8A9E2AF5-4F08-2421-9EBF-726BAB8E8AA1}"
EndProject
Project("{FAE04EC0-301F-11D3-BF4B-00C04F79EFBC}") = "Chicken Dinner.Editor", "Chicken Dinner.Editor.csproj", "{A966AC05-E4E5-F821-DA5D-B9CBA70A3414}"
EndProject
Global
	GlobalSection(SolutionConfigurationPlatforms) = preSolution
		Debug|Any CPU = Debug|Any CPU
		Release|Any CPU = Release|Any CPU
	EndGlobalSection
	GlobalSection(ProjectConfigurationPlatforms) = postSolution
		{8A9E2AF5-4F08-2421-9EBF-726BAB8E8AA1}.Debug|Any CPU.ActiveCfg = Debug|Any CPU
		{8A9E2AF5-4F08-2421-9EBF-726BAB8E8AA1}.Debug|Any CPU.Build.0 = Debug|Any CPU
		{8A9E2AF5-4F08-2421-9EBF-726BAB8E8AA1}.Release|Any CPU.ActiveCfg = Release|Any CPU
		{8A9E2AF5-4F08-2421-9EBF-726BAB8E8AA1}.Release|Any CPU.Build.0 = Release|Any CPU
		{A966AC05-E4E5-F821-DA5D-B9CBA70A3414}.Debug|Any CPU.ActiveCfg = Debug|Any CPU
		{A966AC05-E4E5-F821-DA5D-B9CBA70A3414}.Debug|Any CPU.Build.0 = Debug|Any CPU
		{A966AC05-E4E5-F821-DA5D-B9CBA70A3414}.Release|Any CPU.ActiveCfg = Release|Any CPU
		{A966AC05-E4E5-F821-DA5D-B9CBA70A3414}.Release|Any CPU.Build.0 = Release|Any CPU
	EndGlobalSection
	GlobalSection(SolutionProperties) = preSolution
		HideSolutionNode = FALSE
	EndGlobalSection
EndGlobal
